
Microsoft Visual Studio Solution File, Format Version 12.00
# Visual Studio Version 17
VisualStudioVersion = 17.1.32228.430
MinimumVisualStudioVersion = 10.0.40219.1
Project("{FAE04EC0-301F-11D3-BF4B-00C04F79EFBC}") = "inventory_management.Android", "inventory_management\inventory_management.Android\inventory_management.Android.csproj", "{84388449-EFFE-476E-A0BD-83F10214E7B7}"
EndProject
Project("{FAE04EC0-301F-11D3-BF4B-00C04F79EFBC}") = "inventory_management.iOS", "inventory_management\inventory_management.iOS\inventory_management.iOS.csproj", "{A30208DC-5B56-4C5F-9B16-3BAD00EDF190}"
EndProject
Project("{FAE04EC0-301F-11D3-BF4B-00C04F79EFBC}") = "inventory_management", "inventory_management\inventory_management\inventory_management.csproj", "{811BB8B8-87F0-46AB-B476-0D4FB3C3E4B8}"
EndProject
Global
	GlobalSection(SolutionConfigurationPlatforms) = preSolution
		Debug|Any CPU = Debug|Any CPU
		Debug|iPhone = Debug|iPhone
		Debug|iPhoneSimulator = Debug|iPhoneSimulator
		Release|Any CPU = Release|Any CPU
		Release|iPhone = Release|iPhone
		Release|iPhoneSimulator = Release|iPhoneSimulator
	EndGlobalSection
	GlobalSection(ProjectConfigurationPlatforms) = postSolution
		{84388449-EFFE-476E-A0BD-83F10214E7B7}.Debug|Any CPU.ActiveCfg = Debug|Any CPU
		{84388449-EFFE-476E-A0BD-83F10214E7B7}.Debug|Any CPU.Build.0 = Debug|Any CPU
		{84388449-EFFE-476E-A0BD-83F10214E7B7}.Debug|Any CPU.Deploy.0 = Debug|Any CPU
		{84388449-EFFE-476E-A0BD-83F10214E7B7}.Debug|iPhone.ActiveCfg = Debug|Any CPU
		{84388449-EFFE-476E-A0BD-83F10214E7B7}.Debug|iPhone.Build.0 = Debug|Any CPU
		{84388449-EFFE-476E-A0BD-83F10214E7B7}.Debug|iPhone.Deploy.0 = Debug|Any CPU
		{84388449-EFFE-476E-A0BD-83F10214E7B7}.Debug|iPhoneSimulator.ActiveCfg = Debug|Any CPU
		{84388449-EFFE-476E-A0BD-83F10214E7B7}.Debug|iPhoneSimulator.Build.0 = Debug|Any CPU
		{84388449-EFFE-476E-A0BD-83F10214E7B7}.Debug|iPhoneSimulator.Deploy.0 = Debug|Any CPU
		{84388449-EFFE-476E-A0BD-83F10214E7B7}.Release|Any CPU.ActiveCfg = Release|Any CPU
		{84388449-EFFE-476E-A0BD-83F10214E7B7}.Release|Any CPU.Build.0 = Release|Any CPU
		{84388449-EFFE-476E-A0BD-83F10214E7B7}.Release|Any CPU.Deploy.0 = Release|Any CPU
		{84388449-EFFE-476E-A0BD-83F10214E7B7}.Release|iPhone.ActiveCfg = Release|Any CPU
		{84388449-EFFE-476E-A0BD-83F10214E7B7}.Release|iPhone.Build.0 = Release|Any CPU
		{84388449-EFFE-476E-A0BD-83F10214E7B7}.Release|iPhone.Deploy.0 = Release|Any CPU
		{84388449-EFFE-476E-A0BD-83F10214E7B7}.Release|iPhoneSimulator.ActiveCfg = Release|Any CPU
		{84388449-EFFE-476E-A0BD-83F10214E7B7}.Release|iPhoneSimulator.Build.0 = Release|Any CPU
		{84388449-EFFE-476E-A0BD-83F10214E7B7}.Release|iPhoneSimulator.Deploy.0 = Release|Any CPU
		{A30208DC-5B56-4C5F-9B16-3BAD00EDF190}.Debug|Any CPU.ActiveCfg = Debug|iPhone
		{A30208DC-5B56-4C5F-9B16-3BAD00EDF190}.Debug|Any CPU.Build.0 = Debug|iPhone
		{A30208DC-5B56-4C5F-9B16-3BAD00EDF190}.Debug|Any CPU.Deploy.0 = Debug|iPhone
		{A30208DC-5B56-4C5F-9B16-3BAD00EDF190}.Debug|iPhone.ActiveCfg = Debug|iPhone
		{A30208DC-5B56-4C5F-9B16-3BAD00EDF190}.Debug|iPhone.Build.0 = Debug|iPhone
		{A30208DC-5B56-4C5F-9B16-3BAD00EDF190}.Debug|iPhone.Deploy.0 = Debug|iPhone
		{A30208DC-5B56-4C5F-9B16-3BAD00EDF190}.Debug|iPhoneSimulator.ActiveCfg = Debug|iPhoneSimulator
		{A30208DC-5B56-4C5F-9B16-3BAD00EDF190}.Debug|iPhoneSimulator.Build.0 = Debug|iPhoneSimulator
		{A30208DC-5B56-4C5F-9B16-3BAD00EDF190}.Debug|iPhoneSimulator.Deploy.0 = Debug|iPhoneSimulator
		{A30208DC-5B56-4C5F-9B16-3BAD00EDF190}.Release|Any CPU.ActiveCfg = Release|iPhoneSimulator
		{A30208DC-5B56-4C5F-9B16-3BAD00EDF190}.Release|Any CPU.Build.0 = Release|iPhoneSimulator
		{A30208DC-5B56-4C5F-9B16-3BAD00EDF190}.Release|Any CPU.Deploy.0 = Release|iPhoneSimulator
		{A30208DC-5B56-4C5F-9B16-3BAD00EDF190}.Release|iPhone.ActiveCfg = Release|iPhone
		{A30208DC-5B56-4C5F-9B16-3BAD00EDF190}.Release|iPhone.Build.0 = Release|iPhone
		{A30208DC-5B56-4C5F-9B16-3BAD00EDF190}.Release|iPhone.Deploy.0 = Release|iPhone
		{A30208DC-5B56-4C5F-9B16-3BAD00EDF190}.Release|iPhoneSimulator.ActiveCfg = Release|iPhoneSimulator
		{A30208DC-5B56-4C5F-9B16-3BAD00EDF190}.Release|iPhoneSimulator.Build.0 = Release|iPhoneSimulator
		{A30208DC-5B56-4C5F-9B16-3BAD00EDF190}.Release|iPhoneSimulator.Deploy.0 = Release|iPhoneSimulator
		{811BB8B8-87F0-46AB-B476-0D4FB3C3E4B8}.Debug|Any CPU.ActiveCfg = Debug|Any CPU
		{811BB8B8-87F0-46AB-B476-0D4FB3C3E4B8}.Debug|Any CPU.Build.0 = Debug|Any CPU
		{811BB8B8-87F0-46AB-B476-0D4FB3C3E4B8}.Debug|Any CPU.Deploy.0 = Debug|Any CPU
		{811BB8B8-87F0-46AB-B476-0D4FB3C3E4B8}.Debug|iPhone.ActiveCfg = Debug|Any CPU
		{811BB8B8-87F0-46AB-B476-0D4FB3C3E4B8}.Debug|iPhone.Build.0 = Debug|Any CPU
		{811BB8B8-87F0-46AB-B476-0D4FB3C3E4B8}.Debug|iPhone.Deploy.0 = Debug|Any CPU
		{811BB8B8-87F0-46AB-B476-0D4FB3C3E4B8}.Debug|iPhoneSimulator.ActiveCfg = Debug|Any CPU
		{811BB8B8-87F0-46AB-B476-0D4FB3C3E4B8}.Debug|iPhoneSimulator.Build.0 = Debug|Any CPU
		{811BB8B8-87F0-46AB-B476-0D4FB3C3E4B8}.Debug|iPhoneSimulator.Deploy.0 = Debug|Any CPU
		{811BB8B8-87F0-46AB-B476-0D4FB3C3E4B8}.Release|Any CPU.ActiveCfg = Release|Any CPU
		{811BB8B8-87F0-46AB-B476-0D4FB3C3E4B8}.Release|Any CPU.Build.0 = Release|Any CPU
		{811BB8B8-87F0-46AB-B476-0D4FB3C3E4B8}.Release|Any CPU.Deploy.0 = Release|Any CPU
		{811BB8B8-87F0-46AB-B476-0D4FB3C3E4B8}.Release|iPhone.ActiveCfg = Release|Any CPU
		{811BB8B8-87F0-46AB-B476-0D4FB3C3E4B8}.Release|iPhone.Build.0 = Release|Any CPU
		{811BB8B8-87F0-46AB-B476-0D4FB3C3E4B8}.Release|iPhone.Deploy.0 = Release|Any CPU
		{811BB8B8-87F0-46AB-B476-0D4FB3C3E4B8}.Release|iPhoneSimulator.ActiveCfg = Release|Any CPU
		{811BB8B8-87F0-46AB-B476-0D4FB3C3E4B8}.Release|iPhoneSimulator.Build.0 = Release|Any CPU
		{811BB8B8-87F0-46AB-B476-0D4FB3C3E4B8}.Release|iPhoneSimulator.Deploy.0 = Release|Any CPU
	EndGlobalSection
	GlobalSection(SolutionProperties) = preSolution
		HideSolutionNode = FALSE
	EndGlobalSection
	GlobalSection(ExtensibilityGlobals) = postSolution
		SolutionGuid = {3C86512A-4C41-40B9-89AA-09C0736EDF97}
	EndGlobalSection
EndGlobal
